
Microsoft Visual Studio Solution File, Format Version 12.00
# Visual Studio 15
VisualStudioVersion = 15.0.27703.2042
MinimumVisualStudioVersion = 10.0.40219.1
Project("{FAE04EC0-301F-11D3-BF4B-00C04F79EFBC}") = "ManufacturerClassLibrary", "ManufacturerClassLibrary\ManufacturerClassLibrary.csproj", "{AC1B840C-0890-49C1-A2B6-DDD985E878D1}"
EndProject
Project("{FAE04EC0-301F-11D3-BF4B-00C04F79EFBC}") = "ManufacturerTestFramework", "ManufacturerTestFramework\ManufacturerTestFramework.csproj", "{852265CD-FA85-4CBE-A32C-87F4CEA36430}"
EndProject
Project("{E24C65DC-7377-472B-9ABA-BC803B73C61A}") = "Manufacturer Admin+", "Manufacturer Admin+\", "{A4C5392A-C8A5-43E2-AB2C-34808CE39B3B}"
	ProjectSection(WebsiteProperties) = preProject
		TargetFrameworkMoniker = ".NETFramework,Version%3Dv4.6.1"
		ProjectReferences = "{ac1b840c-0890-49c1-a2b6-ddd985e878d1}|ManufacturerClassLibrary.dll;"
		Debug.AspNetCompiler.VirtualPath = "/localhost_2238"
		Debug.AspNetCompiler.PhysicalPath = "Manufacturer Admin+\"
		Debug.AspNetCompiler.TargetPath = "PrecompiledWeb\localhost_2238\"
		Debug.AspNetCompiler.Updateable = "true"
		Debug.AspNetCompiler.ForceOverwrite = "true"
		Debug.AspNetCompiler.FixedNames = "false"
		Debug.AspNetCompiler.Debug = "True"
		Release.AspNetCompiler.VirtualPath = "/localhost_2238"
		Release.AspNetCompiler.PhysicalPath = "Manufacturer Admin+\"
		Release.AspNetCompiler.TargetPath = "PrecompiledWeb\localhost_2238\"
		Release.AspNetCompiler.Updateable = "true"
		Release.AspNetCompiler.ForceOverwrite = "true"
		Release.AspNetCompiler.FixedNames = "false"
		Release.AspNetCompiler.Debug = "False"
		VWDPort = "2238"
		SlnRelativePath = "Manufacturer Admin+\"
		DefaultWebSiteLanguage = "Visual C#"
	EndProjectSection
EndProject
Global
	GlobalSection(SolutionConfigurationPlatforms) = preSolution
		Debug|Any CPU = Debug|Any CPU
		Release|Any CPU = Release|Any CPU
	EndGlobalSection
	GlobalSection(ProjectConfigurationPlatforms) = postSolution
		{AC1B840C-0890-49C1-A2B6-DDD985E878D1}.Debug|Any CPU.ActiveCfg = Debug|Any CPU
		{AC1B840C-0890-49C1-A2B6-DDD985E878D1}.Debug|Any CPU.Build.0 = Debug|Any CPU
		{AC1B840C-0890-49C1-A2B6-DDD985E878D1}.Release|Any CPU.ActiveCfg = Release|Any CPU
		{AC1B840C-0890-49C1-A2B6-DDD985E878D1}.Release|Any CPU.Build.0 = Release|Any CPU
		{852265CD-FA85-4CBE-A32C-87F4CEA36430}.Debug|Any CPU.ActiveCfg = Debug|Any CPU
		{852265CD-FA85-4CBE-A32C-87F4CEA36430}.Debug|Any CPU.Build.0 = Debug|Any CPU
		{852265CD-FA85-4CBE-A32C-87F4CEA36430}.Release|Any CPU.ActiveCfg = Release|Any CPU
		{852265CD-FA85-4CBE-A32C-87F4CEA36430}.Release|Any CPU.Build.0 = Release|Any CPU
		{A4C5392A-C8A5-43E2-AB2C-34808CE39B3B}.Debug|Any CPU.ActiveCfg = Debug|Any CPU
		{A4C5392A-C8A5-43E2-AB2C-34808CE39B3B}.Debug|Any CPU.Build.0 = Debug|Any CPU
		{A4C5392A-C8A5-43E2-AB2C-34808CE39B3B}.Release|Any CPU.ActiveCfg = Debug|Any CPU
		{A4C5392A-C8A5-43E2-AB2C-34808CE39B3B}.Release|Any CPU.Build.0 = Debug|Any CPU
	EndGlobalSection
	GlobalSection(SolutionProperties) = preSolution
		HideSolutionNode = FALSE
	EndGlobalSection
	GlobalSection(ExtensibilityGlobals) = postSolution
		SolutionGuid = {E332D90B-D022-495A-A6DA-9C7687B7D541}
	EndGlobalSection
EndGlobal
